// !$*UTF8*$!
{
	archiveVersion = 1;
	classes = {
	};
	objectVersion = 55;
	objects = {

/* Begin PBXBuildFile section */
		4F3EA78628AEA59E00720993 /* TraqCloneApp.swift in Sources */ = {isa = PBXBuildFile; fileRef = 4F3EA78528AEA59E00720993 /* TraqCloneApp.swift */; };
		4F3EA78A28AEA59E00720993 /* Assets.xcassets in Resources */ = {isa = PBXBuildFile; fileRef = 4F3EA78928AEA59E00720993 /* Assets.xcassets */; };
		4F3EA78D28AEA59E00720993 /* Preview Assets.xcassets in Resources */ = {isa = PBXBuildFile; fileRef = 4F3EA78C28AEA59E00720993 /* Preview Assets.xcassets */; };
		4F3EA79728AEA59E00720993 /* TraqCloneTests.swift in Sources */ = {isa = PBXBuildFile; fileRef = 4F3EA79628AEA59E00720993 /* TraqCloneTests.swift */; };
		4F3EA7A128AEA59E00720993 /* TraqCloneUITests.swift in Sources */ = {isa = PBXBuildFile; fileRef = 4F3EA7A028AEA59E00720993 /* TraqCloneUITests.swift */; };
		4F3EA7A328AEA59E00720993 /* TraqCloneUITestsLaunchTests.swift in Sources */ = {isa = PBXBuildFile; fileRef = 4F3EA7A228AEA59E00720993 /* TraqCloneUITestsLaunchTests.swift */; };
		4F67761D28AF3A56001313B4 /* Root in Frameworks */ = {isa = PBXBuildFile; productRef = 4F67761C28AF3A56001313B4 /* Root */; };
/* End PBXBuildFile section */

/* Begin PBXContainerItemProxy section */
		4F3EA79328AEA59E00720993 /* PBXContainerItemProxy */ = {
			isa = PBXContainerItemProxy;
			containerPortal = 4F3EA77A28AEA59E00720993 /* Project object */;
			proxyType = 1;
			remoteGlobalIDString = 4F3EA78128AEA59E00720993;
			remoteInfo = TraqClone;
		};
		4F3EA79D28AEA59E00720993 /* PBXContainerItemProxy */ = {
			isa = PBXContainerItemProxy;
			containerPortal = 4F3EA77A28AEA59E00720993 /* Project object */;
			proxyType = 1;
			remoteGlobalIDString = 4F3EA78128AEA59E00720993;
			remoteInfo = TraqClone;
		};
/* End PBXContainerItemProxy section */

/* Begin PBXFileReference section */
		4F1ED02928AF3115001411F7 /* Home */ = {isa = PBXFileReference; lastKnownFileType = wrapper; path = Home; sourceTree = "<group>"; };
		4F1ED02C28AF313E001411F7 /* Channel */ = {isa = PBXFileReference; lastKnownFileType = wrapper; path = Channel; sourceTree = "<group>"; };
		4F1ED02D28AF32E0001411F7 /* Activity */ = {isa = PBXFileReference; lastKnownFileType = wrapper; path = Activity; sourceTree = "<group>"; };
		4F3EA78228AEA59E00720993 /* TraqClone.app */ = {isa = PBXFileReference; explicitFileType = wrapper.application; includeInIndex = 0; path = TraqClone.app; sourceTree = BUILT_PRODUCTS_DIR; };
		4F3EA78528AEA59E00720993 /* TraqCloneApp.swift */ = {isa = PBXFileReference; lastKnownFileType = sourcecode.swift; path = TraqCloneApp.swift; sourceTree = "<group>"; };
		4F3EA78928AEA59E00720993 /* Assets.xcassets */ = {isa = PBXFileReference; lastKnownFileType = folder.assetcatalog; path = Assets.xcassets; sourceTree = "<group>"; };
		4F3EA78C28AEA59E00720993 /* Preview Assets.xcassets */ = {isa = PBXFileReference; lastKnownFileType = folder.assetcatalog; path = "Preview Assets.xcassets"; sourceTree = "<group>"; };
		4F3EA79228AEA59E00720993 /* TraqCloneTests.xctest */ = {isa = PBXFileReference; explicitFileType = wrapper.cfbundle; includeInIndex = 0; path = TraqCloneTests.xctest; sourceTree = BUILT_PRODUCTS_DIR; };
		4F3EA79628AEA59E00720993 /* TraqCloneTests.swift */ = {isa = PBXFileReference; lastKnownFileType = sourcecode.swift; path = TraqCloneTests.swift; sourceTree = "<group>"; };
		4F3EA79C28AEA59E00720993 /* TraqCloneUITests.xctest */ = {isa = PBXFileReference; explicitFileType = wrapper.cfbundle; includeInIndex = 0; path = TraqCloneUITests.xctest; sourceTree = BUILT_PRODUCTS_DIR; };
		4F3EA7A028AEA59E00720993 /* TraqCloneUITests.swift */ = {isa = PBXFileReference; lastKnownFileType = sourcecode.swift; path = TraqCloneUITests.swift; sourceTree = "<group>"; };
		4F3EA7A228AEA59E00720993 /* TraqCloneUITestsLaunchTests.swift */ = {isa = PBXFileReference; lastKnownFileType = sourcecode.swift; path = TraqCloneUITestsLaunchTests.swift; sourceTree = "<group>"; };
		4F67761728AF3422001313B4 /* User */ = {isa = PBXFileReference; lastKnownFileType = wrapper; path = User; sourceTree = "<group>"; };
		4F67761828AF343C001313B4 /* README.md */ = {isa = PBXFileReference; lastKnownFileType = net.daringfireball.markdown; path = README.md; sourceTree = "<group>"; };
		4F67761928AF38A0001313B4 /* Clip */ = {isa = PBXFileReference; lastKnownFileType = wrapper; path = Clip; sourceTree = "<group>"; };
		4F67761A28AF39EB001313B4 /* Root */ = {isa = PBXFileReference; lastKnownFileType = wrapper; path = Root; sourceTree = "<group>"; };
/* End PBXFileReference section */

/* Begin PBXFrameworksBuildPhase section */
		4F3EA77F28AEA59E00720993 /* Frameworks */ = {
			isa = PBXFrameworksBuildPhase;
			buildActionMask = 2147483647;
			files = (
				4F67761D28AF3A56001313B4 /* Root in Frameworks */,
			);
			runOnlyForDeploymentPostprocessing = 0;
		};
		4F3EA78F28AEA59E00720993 /* Frameworks */ = {
			isa = PBXFrameworksBuildPhase;
			buildActionMask = 2147483647;
			files = (
			);
			runOnlyForDeploymentPostprocessing = 0;
		};
		4F3EA79928AEA59E00720993 /* Frameworks */ = {
			isa = PBXFrameworksBuildPhase;
			buildActionMask = 2147483647;
			files = (
			);
			runOnlyForDeploymentPostprocessing = 0;
		};
/* End PBXFrameworksBuildPhase section */

/* Begin PBXGroup section */
		4F3EA77928AEA59E00720993 = {
			isa = PBXGroup;
			children = (
				4F67761828AF343C001313B4 /* README.md */,
				4F3EA78428AEA59E00720993 /* App */,
				4F67761B28AF3A56001313B4 /* Frameworks */,
				4F3EA78328AEA59E00720993 /* Products */,
				4F3EA79528AEA59E00720993 /* TraqCloneTests */,
				4F3EA79F28AEA59E00720993 /* TraqCloneUITests */,
				4F7BBD9428AEB34A00B6AA36 /* Views */,
			);
			sourceTree = "<group>";
		};
		4F3EA78328AEA59E00720993 /* Products */ = {
			isa = PBXGroup;
			children = (
				4F3EA78228AEA59E00720993 /* TraqClone.app */,
				4F3EA79228AEA59E00720993 /* TraqCloneTests.xctest */,
				4F3EA79C28AEA59E00720993 /* TraqCloneUITests.xctest */,
			);
			name = Products;
			sourceTree = "<group>";
		};
		4F3EA78428AEA59E00720993 /* App */ = {
			isa = PBXGroup;
			children = (
				4F3EA78528AEA59E00720993 /* TraqCloneApp.swift */,
				4F3EA78928AEA59E00720993 /* Assets.xcassets */,
				4F3EA78B28AEA59E00720993 /* Preview Content */,
			);
			path = App;
			sourceTree = "<group>";
		};
		4F3EA78B28AEA59E00720993 /* Preview Content */ = {
			isa = PBXGroup;
			children = (
				4F3EA78C28AEA59E00720993 /* Preview Assets.xcassets */,
			);
			path = "Preview Content";
			sourceTree = "<group>";
		};
		4F3EA79528AEA59E00720993 /* TraqCloneTests */ = {
			isa = PBXGroup;
			children = (
				4F3EA79628AEA59E00720993 /* TraqCloneTests.swift */,
			);
			path = TraqCloneTests;
			sourceTree = "<group>";
		};
		4F3EA79F28AEA59E00720993 /* TraqCloneUITests */ = {
			isa = PBXGroup;
			children = (
				4F3EA7A028AEA59E00720993 /* TraqCloneUITests.swift */,
				4F3EA7A228AEA59E00720993 /* TraqCloneUITestsLaunchTests.swift */,
			);
			path = TraqCloneUITests;
			sourceTree = "<group>";
		};
		4F67761B28AF3A56001313B4 /* Frameworks */ = {
			isa = PBXGroup;
			children = (
			);
			name = Frameworks;
			sourceTree = "<group>";
		};
		4F7BBD9428AEB34A00B6AA36 /* Views */ = {
			isa = PBXGroup;
			children = (
				4F1ED02D28AF32E0001411F7 /* Activity */,
				4F1ED02C28AF313E001411F7 /* Channel */,
				4F67761928AF38A0001313B4 /* Clip */,
				4F1ED02928AF3115001411F7 /* Home */,
				4F67761A28AF39EB001313B4 /* Root */,
				4F67761728AF3422001313B4 /* User */,
			);
			path = Views;
			sourceTree = "<group>";
		};
/* End PBXGroup section */

/* Begin PBXNativeTarget section */
		4F3EA78128AEA59E00720993 /* TraqClone */ = {
			isa = PBXNativeTarget;
			buildConfigurationList = 4F3EA7A628AEA59E00720993 /* Build configuration list for PBXNativeTarget "TraqClone" */;
			buildPhases = (
				4F3EA77E28AEA59E00720993 /* Sources */,
				4F3EA77F28AEA59E00720993 /* Frameworks */,
				4F3EA78028AEA59E00720993 /* Resources */,
				4F7BBD8128AEA97700B6AA36 /* Lint & Format */,
			);
			buildRules = (
			);
			dependencies = (
			);
			name = TraqClone;
			packageProductDependencies = (
				4F67761C28AF3A56001313B4 /* Root */,
			);
			productName = TraqClone;
			productReference = 4F3EA78228AEA59E00720993 /* TraqClone.app */;
			productType = "com.apple.product-type.application";
		};
		4F3EA79128AEA59E00720993 /* TraqCloneTests */ = {
			isa = PBXNativeTarget;
			buildConfigurationList = 4F3EA7A928AEA59E00720993 /* Build configuration list for PBXNativeTarget "TraqCloneTests" */;
			buildPhases = (
				4F3EA78E28AEA59E00720993 /* Sources */,
				4F3EA78F28AEA59E00720993 /* Frameworks */,
				4F3EA79028AEA59E00720993 /* Resources */,
			);
			buildRules = (
			);
			dependencies = (
				4F3EA79428AEA59E00720993 /* PBXTargetDependency */,
			);
			name = TraqCloneTests;
			productName = TraqCloneTests;
			productReference = 4F3EA79228AEA59E00720993 /* TraqCloneTests.xctest */;
			productType = "com.apple.product-type.bundle.unit-test";
		};
		4F3EA79B28AEA59E00720993 /* TraqCloneUITests */ = {
			isa = PBXNativeTarget;
			buildConfigurationList = 4F3EA7AC28AEA59E00720993 /* Build configuration list for PBXNativeTarget "TraqCloneUITests" */;
			buildPhases = (
				4F3EA79828AEA59E00720993 /* Sources */,
				4F3EA79928AEA59E00720993 /* Frameworks */,
				4F3EA79A28AEA59E00720993 /* Resources */,
			);
			buildRules = (
			);
			dependencies = (
				4F3EA79E28AEA59E00720993 /* PBXTargetDependency */,
			);
			name = TraqCloneUITests;
			productName = TraqCloneUITests;
			productReference = 4F3EA79C28AEA59E00720993 /* TraqCloneUITests.xctest */;
			productType = "com.apple.product-type.bundle.ui-testing";
		};
/* End PBXNativeTarget section */

/* Begin PBXProject section */
		4F3EA77A28AEA59E00720993 /* Project object */ = {
			isa = PBXProject;
			attributes = {
				BuildIndependentTargetsInParallel = 1;
				LastSwiftUpdateCheck = 1340;
				LastUpgradeCheck = 1340;
				TargetAttributes = {
					4F3EA78128AEA59E00720993 = {
						CreatedOnToolsVersion = 13.4.1;
					};
					4F3EA79128AEA59E00720993 = {
						CreatedOnToolsVersion = 13.4.1;
						TestTargetID = 4F3EA78128AEA59E00720993;
					};
					4F3EA79B28AEA59E00720993 = {
						CreatedOnToolsVersion = 13.4.1;
						TestTargetID = 4F3EA78128AEA59E00720993;
					};
				};
			};
			buildConfigurationList = 4F3EA77D28AEA59E00720993 /* Build configuration list for PBXProject "TraqClone" */;
			compatibilityVersion = "Xcode 13.0";
			developmentRegion = en;
			hasScannedForEncodings = 0;
			knownRegions = (
				en,
				Base,
			);
			mainGroup = 4F3EA77928AEA59E00720993;
			productRefGroup = 4F3EA78328AEA59E00720993 /* Products */;
			projectDirPath = "";
			projectRoot = "";
			targets = (
				4F3EA78128AEA59E00720993 /* TraqClone */,
				4F3EA79128AEA59E00720993 /* TraqCloneTests */,
				4F3EA79B28AEA59E00720993 /* TraqCloneUITests */,
			);
		};
/* End PBXProject section */

/* Begin PBXResourcesBuildPhase section */
		4F3EA78028AEA59E00720993 /* Resources */ = {
			isa = PBXResourcesBuildPhase;
			buildActionMask = 2147483647;
			files = (
				4F3EA78D28AEA59E00720993 /* Preview Assets.xcassets in Resources */,
				4F3EA78A28AEA59E00720993 /* Assets.xcassets in Resources */,
			);
			runOnlyForDeploymentPostprocessing = 0;
		};
		4F3EA79028AEA59E00720993 /* Resources */ = {
			isa = PBXResourcesBuildPhase;
			buildActionMask = 2147483647;
			files = (
			);
			runOnlyForDeploymentPostprocessing = 0;
		};
		4F3EA79A28AEA59E00720993 /* Resources */ = {
			isa = PBXResourcesBuildPhase;
			buildActionMask = 2147483647;
			files = (
			);
			runOnlyForDeploymentPostprocessing = 0;
		};
/* End PBXResourcesBuildPhase section */

/* Begin PBXShellScriptBuildPhase section */
		4F7BBD8128AEA97700B6AA36 /* Lint & Format */ = {
			isa = PBXShellScriptBuildPhase;
			buildActionMask = 2147483647;
			files = (
			);
			inputFileListPaths = (
			);
			inputPaths = (
			);
			name = "Lint & Format";
			outputFileListPaths = (
			);
			outputPaths = (
			);
			runOnlyForDeploymentPostprocessing = 0;
			shellPath = /bin/sh;
			shellScript = "/opt/homebrew/bin/swiftformat .\n/opt/homebrew/bin/swiftlint .\n";
		};
/* End PBXShellScriptBuildPhase section */

/* Begin PBXSourcesBuildPhase section */
		4F3EA77E28AEA59E00720993 /* Sources */ = {
			isa = PBXSourcesBuildPhase;
			buildActionMask = 2147483647;
			files = (
				4F3EA78628AEA59E00720993 /* TraqCloneApp.swift in Sources */,
			);
			runOnlyForDeploymentPostprocessing = 0;
		};
		4F3EA78E28AEA59E00720993 /* Sources */ = {
			isa = PBXSourcesBuildPhase;
			buildActionMask = 2147483647;
			files = (
				4F3EA79728AEA59E00720993 /* TraqCloneTests.swift in Sources */,
			);
			runOnlyForDeploymentPostprocessing = 0;
		};
		4F3EA79828AEA59E00720993 /* Sources */ = {
			isa = PBXSourcesBuildPhase;
			buildActionMask = 2147483647;
			files = (
				4F3EA7A328AEA59E00720993 /* TraqCloneUITestsLaunchTests.swift in Sources */,
				4F3EA7A128AEA59E00720993 /* TraqCloneUITests.swift in Sources */,
			);
			runOnlyForDeploymentPostprocessing = 0;
		};
/* End PBXSourcesBuildPhase section */

/* Begin PBXTargetDependency section */
		4F3EA79428AEA59E00720993 /* PBXTargetDependency */ = {
			isa = PBXTargetDependency;
			target = 4F3EA78128AEA59E00720993 /* TraqClone */;
			targetProxy = 4F3EA79328AEA59E00720993 /* PBXContainerItemProxy */;
		};
		4F3EA79E28AEA59E00720993 /* PBXTargetDependency */ = {
			isa = PBXTargetDependency;
			target = 4F3EA78128AEA59E00720993 /* TraqClone */;
			targetProxy = 4F3EA79D28AEA59E00720993 /* PBXContainerItemProxy */;
		};
/* End PBXTargetDependency section */

/* Begin XCBuildConfiguration section */
		4F3EA7A428AEA59E00720993 /* Debug */ = {
			isa = XCBuildConfiguration;
			buildSettings = {
				ALWAYS_SEARCH_USER_PATHS = NO;
				CLANG_ANALYZER_NONNULL = YES;
				CLANG_ANALYZER_NUMBER_OBJECT_CONVERSION = YES_AGGRESSIVE;
				CLANG_CXX_LANGUAGE_STANDARD = "gnu++17";
				CLANG_ENABLE_MODULES = YES;
				CLANG_ENABLE_OBJC_ARC = YES;
				CLANG_ENABLE_OBJC_WEAK = YES;
				CLANG_WARN_BLOCK_CAPTURE_AUTORELEASING = YES;
				CLANG_WARN_BOOL_CONVERSION = YES;
				CLANG_WARN_COMMA = YES;
				CLANG_WARN_CONSTANT_CONVERSION = YES;
				CLANG_WARN_DEPRECATED_OBJC_IMPLEMENTATIONS = YES;
				CLANG_WARN_DIRECT_OBJC_ISA_USAGE = YES_ERROR;
				CLANG_WARN_DOCUMENTATION_COMMENTS = YES;
				CLANG_WARN_EMPTY_BODY = YES;
				CLANG_WARN_ENUM_CONVERSION = YES;
				CLANG_WARN_INFINITE_RECURSION = YES;
				CLANG_WARN_INT_CONVERSION = YES;
				CLANG_WARN_NON_LITERAL_NULL_CONVERSION = YES;
				CLANG_WARN_OBJC_IMPLICIT_RETAIN_SELF = YES;
				CLANG_WARN_OBJC_LITERAL_CONVERSION = YES;
				CLANG_WARN_OBJC_ROOT_CLASS = YES_ERROR;
				CLANG_WARN_QUOTED_INCLUDE_IN_FRAMEWORK_HEADER = YES;
				CLANG_WARN_RANGE_LOOP_ANALYSIS = YES;
				CLANG_WARN_STRICT_PROTOTYPES = YES;
				CLANG_WARN_SUSPICIOUS_MOVE = YES;
				CLANG_WARN_UNGUARDED_AVAILABILITY = YES_AGGRESSIVE;
				CLANG_WARN_UNREACHABLE_CODE = YES;
				CLANG_WARN__DUPLICATE_METHOD_MATCH = YES;
				COPY_PHASE_STRIP = NO;
				DEBUG_INFORMATION_FORMAT = dwarf;
				ENABLE_STRICT_OBJC_MSGSEND = YES;
				ENABLE_TESTABILITY = YES;
				GCC_C_LANGUAGE_STANDARD = gnu11;
				GCC_DYNAMIC_NO_PIC = NO;
				GCC_NO_COMMON_BLOCKS = YES;
				GCC_OPTIMIZATION_LEVEL = 0;
				GCC_PREPROCESSOR_DEFINITIONS = (
					"DEBUG=1",
					"$(inherited)",
				);
				GCC_WARN_64_TO_32_BIT_CONVERSION = YES;
				GCC_WARN_ABOUT_RETURN_TYPE = YES_ERROR;
				GCC_WARN_UNDECLARED_SELECTOR = YES;
				GCC_WARN_UNINITIALIZED_AUTOS = YES_AGGRESSIVE;
				GCC_WARN_UNUSED_FUNCTION = YES;
				GCC_WARN_UNUSED_VARIABLE = YES;
				IPHONEOS_DEPLOYMENT_TARGET = 15.5;
				MTL_ENABLE_DEBUG_INFO = INCLUDE_SOURCE;
				MTL_FAST_MATH = YES;
				ONLY_ACTIVE_ARCH = YES;
				SDKROOT = iphoneos;
				SWIFT_ACTIVE_COMPILATION_CONDITIONS = DEBUG;
				SWIFT_OPTIMIZATION_LEVEL = "-Onone";
			};
			name = Debug;
		};
		4F3EA7A528AEA59E00720993 /* Release */ = {
			isa = XCBuildConfiguration;
			buildSettings = {
				ALWAYS_SEARCH_USER_PATHS = NO;
				CLANG_ANALYZER_NONNULL = YES;
				CLANG_ANALYZER_NUMBER_OBJECT_CONVERSION = YES_AGGRESSIVE;
				CLANG_CXX_LANGUAGE_STANDARD = "gnu++17";
				CLANG_ENABLE_MODULES = YES;
				CLANG_ENABLE_OBJC_ARC = YES;
				CLANG_ENABLE_OBJC_WEAK = YES;
				CLANG_WARN_BLOCK_CAPTURE_AUTORELEASING = YES;
				CLANG_WARN_BOOL_CONVERSION = YES;
				CLANG_WARN_COMMA = YES;
				CLANG_WARN_CONSTANT_CONVERSION = YES;
				CLANG_WARN_DEPRECATED_OBJC_IMPLEMENTATIONS = YES;
				CLANG_WARN_DIRECT_OBJC_ISA_USAGE = YES_ERROR;
				CLANG_WARN_DOCUMENTATION_COMMENTS = YES;
				CLANG_WARN_EMPTY_BODY = YES;
				CLANG_WARN_ENUM_CONVERSION = YES;
				CLANG_WARN_INFINITE_RECURSION = YES;
				CLANG_WARN_INT_CONVERSION = YES;
				CLANG_WARN_NON_LITERAL_NULL_CONVERSION = YES;
				CLANG_WARN_OBJC_IMPLICIT_RETAIN_SELF = YES;
				CLANG_WARN_OBJC_LITERAL_CONVERSION = YES;
				CLANG_WARN_OBJC_ROOT_CLASS = YES_ERROR;
				CLANG_WARN_QUOTED_INCLUDE_IN_FRAMEWORK_HEADER = YES;
				CLANG_WARN_RANGE_LOOP_ANALYSIS = YES;
				CLANG_WARN_STRICT_PROTOTYPES = YES;
				CLANG_WARN_SUSPICIOUS_MOVE = YES;
				CLANG_WARN_UNGUARDED_AVAILABILITY = YES_AGGRESSIVE;
				CLANG_WARN_UNREACHABLE_CODE = YES;
				CLANG_WARN__DUPLICATE_METHOD_MATCH = YES;
				COPY_PHASE_STRIP = NO;
				DEBUG_INFORMATION_FORMAT = "dwarf-with-dsym";
				ENABLE_NS_ASSERTIONS = NO;
				ENABLE_STRICT_OBJC_MSGSEND = YES;
				GCC_C_LANGUAGE_STANDARD = gnu11;
				GCC_NO_COMMON_BLOCKS = YES;
				GCC_WARN_64_TO_32_BIT_CONVERSION = YES;
				GCC_WARN_ABOUT_RETURN_TYPE = YES_ERROR;
				GCC_WARN_UNDECLARED_SELECTOR = YES;
				GCC_WARN_UNINITIALIZED_AUTOS = YES_AGGRESSIVE;
				GCC_WARN_UNUSED_FUNCTION = YES;
				GCC_WARN_UNUSED_VARIABLE = YES;
				IPHONEOS_DEPLOYMENT_TARGET = 15.5;
				MTL_ENABLE_DEBUG_INFO = NO;
				MTL_FAST_MATH = YES;
				SDKROOT = iphoneos;
				SWIFT_COMPILATION_MODE = wholemodule;
				SWIFT_OPTIMIZATION_LEVEL = "-O";
				VALIDATE_PRODUCT = YES;
			};
			name = Release;
		};
		4F3EA7A728AEA59E00720993 /* Debug */ = {
			isa = XCBuildConfiguration;
			buildSettings = {
				ASSETCATALOG_COMPILER_APPICON_NAME = AppIcon;
				ASSETCATALOG_COMPILER_GLOBAL_ACCENT_COLOR_NAME = AccentColor;
				CODE_SIGN_STYLE = Automatic;
				CURRENT_PROJECT_VERSION = 1;
				DEVELOPMENT_ASSET_PATHS = "\"App/Preview Content\"";
				ENABLE_PREVIEWS = YES;
				GENERATE_INFOPLIST_FILE = YES;
				INFOPLIST_KEY_UIApplicationSceneManifest_Generation = YES;
				INFOPLIST_KEY_UIApplicationSupportsIndirectInputEvents = YES;
				INFOPLIST_KEY_UILaunchScreen_Generation = YES;
				INFOPLIST_KEY_UISupportedInterfaceOrientations_iPad = "UIInterfaceOrientationPortrait UIInterfaceOrientationPortraitUpsideDown UIInterfaceOrientationLandscapeLeft UIInterfaceOrientationLandscapeRight";
				INFOPLIST_KEY_UISupportedInterfaceOrientations_iPhone = "UIInterfaceOrientationPortrait UIInterfaceOrientationLandscapeLeft UIInterfaceOrientationLandscapeRight";
				IPHONEOS_DEPLOYMENT_TARGET = 14.0;
				LD_RUNPATH_SEARCH_PATHS = (
					"$(inherited)",
					"@executable_path/Frameworks",
				);
				MARKETING_VERSION = 1.0;
				PRODUCT_BUNDLE_IDENTIFIER = net.ras0q.TraqClone;
				PRODUCT_NAME = "$(TARGET_NAME)";
				SWIFT_EMIT_LOC_STRINGS = YES;
				SWIFT_VERSION = 5.0;
				TARGETED_DEVICE_FAMILY = "1,2";
			};
			name = Debug;
		};
		4F3EA7A828AEA59E00720993 /* Release */ = {
			isa = XCBuildConfiguration;
			buildSettings = {
				ASSETCATALOG_COMPILER_APPICON_NAME = AppIcon;
				ASSETCATALOG_COMPILER_GLOBAL_ACCENT_COLOR_NAME = AccentColor;
				CODE_SIGN_STYLE = Automatic;
				CURRENT_PROJECT_VERSION = 1;
				DEVELOPMENT_ASSET_PATHS = "\"App/Preview Content\"";
				ENABLE_PREVIEWS = YES;
				GENERATE_INFOPLIST_FILE = YES;
				INFOPLIST_KEY_UIApplicationSceneManifest_Generation = YES;
				INFOPLIST_KEY_UIApplicationSupportsIndirectInputEvents = YES;
				INFOPLIST_KEY_UILaunchScreen_Generation = YES;
				INFOPLIST_KEY_UISupportedInterfaceOrientations_iPad = "UIInterfaceOrientationPortrait UIInterfaceOrientationPortraitUpsideDown UIInterfaceOrientationLandscapeLeft UIInterfaceOrientationLandscapeRight";
				INFOPLIST_KEY_UISupportedInterfaceOrientations_iPhone = "UIInterfaceOrientationPortrait UIInterfaceOrientationLandscapeLeft UIInterfaceOrientationLandscapeRight";
				IPHONEOS_DEPLOYMENT_TARGET = 14.0;
				LD_RUNPATH_SEARCH_PATHS = (
					"$(inherited)",
					"@executable_path/Frameworks",
				);
				MARKETING_VERSION = 1.0;
				PRODUCT_BUNDLE_IDENTIFIER = net.ras0q.TraqClone;
				PRODUCT_NAME = "$(TARGET_NAME)";
				SWIFT_EMIT_LOC_STRINGS = YES;
				SWIFT_VERSION = 5.0;
				TARGETED_DEVICE_FAMILY = "1,2";
			};
			name = Release;
		};
		4F3EA7AA28AEA59E00720993 /* Debug */ = {
			isa = XCBuildConfiguration;
			buildSettings = {
				ALWAYS_EMBED_SWIFT_STANDARD_LIBRARIES = YES;
				BUNDLE_LOADER = "$(TEST_HOST)";
				CODE_SIGN_STYLE = Automatic;
				CURRENT_PROJECT_VERSION = 1;
				GENERATE_INFOPLIST_FILE = YES;
				IPHONEOS_DEPLOYMENT_TARGET = 15.5;
				MARKETING_VERSION = 1.0;
				PRODUCT_BUNDLE_IDENTIFIER = net.ras0q.TraqCloneTests;
				PRODUCT_NAME = "$(TARGET_NAME)";
				SWIFT_EMIT_LOC_STRINGS = NO;
				SWIFT_VERSION = 5.0;
				TARGETED_DEVICE_FAMILY = "1,2";
				TEST_HOST = "$(BUILT_PRODUCTS_DIR)/TraqClone.app/TraqClone";
			};
			name = Debug;
		};
		4F3EA7AB28AEA59E00720993 /* Release */ = {
			isa = XCBuildConfiguration;
			buildSettings = {
				ALWAYS_EMBED_SWIFT_STANDARD_LIBRARIES = YES;
				BUNDLE_LOADER = "$(TEST_HOST)";
				CODE_SIGN_STYLE = Automatic;
				CURRENT_PROJECT_VERSION = 1;
				GENERATE_INFOPLIST_FILE = YES;
				IPHONEOS_DEPLOYMENT_TARGET = 15.5;
				MARKETING_VERSION = 1.0;
				PRODUCT_BUNDLE_IDENTIFIER = net.ras0q.TraqCloneTests;
				PRODUCT_NAME = "$(TARGET_NAME)";
				SWIFT_EMIT_LOC_STRINGS = NO;
				SWIFT_VERSION = 5.0;
				TARGETED_DEVICE_FAMILY = "1,2";
				TEST_HOST = "$(BUILT_PRODUCTS_DIR)/TraqClone.app/TraqClone";
			};
			name = Release;
		};
		4F3EA7AD28AEA59E00720993 /* Debug */ = {
			isa = XCBuildConfiguration;
			buildSettings = {
				ALWAYS_EMBED_SWIFT_STANDARD_LIBRARIES = YES;
				CODE_SIGN_STYLE = Automatic;
				CURRENT_PROJECT_VERSION = 1;
				GENERATE_INFOPLIST_FILE = YES;
				MARKETING_VERSION = 1.0;
				PRODUCT_BUNDLE_IDENTIFIER = net.ras0q.TraqCloneUITests;
				PRODUCT_NAME = "$(TARGET_NAME)";
				SWIFT_EMIT_LOC_STRINGS = NO;
				SWIFT_VERSION = 5.0;
				TARGETED_DEVICE_FAMILY = "1,2";
				TEST_TARGET_NAME = TraqClone;
			};
			name = Debug;
		};
		4F3EA7AE28AEA59E00720993 /* Release */ = {
			isa = XCBuildConfiguration;
			buildSettings = {
				ALWAYS_EMBED_SWIFT_STANDARD_LIBRARIES = YES;
				CODE_SIGN_STYLE = Automatic;
				CURRENT_PROJECT_VERSION = 1;
				GENERATE_INFOPLIST_FILE = YES;
				MARKETING_VERSION = 1.0;
				PRODUCT_BUNDLE_IDENTIFIER = net.ras0q.TraqCloneUITests;
				PRODUCT_NAME = "$(TARGET_NAME)";
				SWIFT_EMIT_LOC_STRINGS = NO;
				SWIFT_VERSION = 5.0;
				TARGETED_DEVICE_FAMILY = "1,2";
				TEST_TARGET_NAME = TraqClone;
			};
			name = Release;
		};
/* End XCBuildConfiguration section */

/* Begin XCConfigurationList section */
		4F3EA77D28AEA59E00720993 /* Build configuration list for PBXProject "TraqClone" */ = {
			isa = XCConfigurationList;
			buildConfigurations = (
				4F3EA7A428AEA59E00720993 /* Debug */,
				4F3EA7A528AEA59E00720993 /* Release */,
			);
			defaultConfigurationIsVisible = 0;
			defaultConfigurationName = Release;
		};
		4F3EA7A628AEA59E00720993 /* Build configuration list for PBXNativeTarget "TraqClone" */ = {
			isa = XCConfigurationList;
			buildConfigurations = (
				4F3EA7A728AEA59E00720993 /* Debug */,
				4F3EA7A828AEA59E00720993 /* Release */,
			);
			defaultConfigurationIsVisible = 0;
			defaultConfigurationName = Release;
		};
		4F3EA7A928AEA59E00720993 /* Build configuration list for PBXNativeTarget "TraqCloneTests" */ = {
			isa = XCConfigurationList;
			buildConfigurations = (
				4F3EA7AA28AEA59E00720993 /* Debug */,
				4F3EA7AB28AEA59E00720993 /* Release */,
			);
			defaultConfigurationIsVisible = 0;
			defaultConfigurationName = Release;
		};
		4F3EA7AC28AEA59E00720993 /* Build configuration list for PBXNativeTarget "TraqCloneUITests" */ = {
			isa = XCConfigurationList;
			buildConfigurations = (
				4F3EA7AD28AEA59E00720993 /* Debug */,
				4F3EA7AE28AEA59E00720993 /* Release */,
			);
			defaultConfigurationIsVisible = 0;
			defaultConfigurationName = Release;
		};
/* End XCConfigurationList section */

/* Begin XCSwiftPackageProductDependency section */
		4F67761C28AF3A56001313B4 /* Root */ = {
			isa = XCSwiftPackageProductDependency;
			productName = Root;
		};
/* End XCSwiftPackageProductDependency section */
	};
	rootObject = 4F3EA77A28AEA59E00720993 /* Project object */;
}
